dependencies:
  espressif/cjson:
    component_hash: e788323270d90738662d66fffa910bfe1fba019bba087f01557e70c40485b469
    dependencies:
    - name: idf
      require: private
      version: '>=5.0'
    source:
      registry_url: https://components.espressif.com/
      type: service
    version: 1.7.19~2
  idf:
    source:
      type: idf
    version: 6.0.0
  nikas-belogolov/nanopb:
    component_hash: f87bec16ffb47d5ceb557b7f13acb83cad95046ab155d1af33e488d1b048fddc
    dependencies:
    - name: idf
      require: private
      version: '>=5.0'
    source:
      registry_url: https://components.espressif.com/
      type: service
    version: 1.0.0
direct_dependencies:
- espressif/cjson
- idf
- nikas-belogolov/nanopb
manifest_hash: 90e0b13eb268ddcddf4142e8d7ade483e574b0e769087a652cd84795d3868e60
target: esp32c6
version: 3.0.0
